
Microsoft Visual Studio Solution File, Format Version 12.00
# Visual Studio Version 17
VisualStudioVersion = 17.0.32112.339
MinimumVisualStudioVersion = 10.0.40219.1
Project("{9A19103F-16F7-4668-BE54-9A1E7A4F7556}") = "CsvHandling", "CsvHandling\CsvHandling.csproj", "{6968E1DF-DE8C-49DC-8FC4-2E427B50858C}"
EndProject
Project("{9A19103F-16F7-4668-BE54-9A1E7A4F7556}") = "CsvHandling.Tests", "CsvHandling.Tests\CsvHandling.Tests.csproj", "{48C25DCE-6A66-430D-AA6C-3C4F2CD7CB16}"
EndProject
Global
	GlobalSection(SolutionConfigurationPlatforms) = preSolution
		Debug|Any CPU = Debug|Any CPU
		Release|Any CPU = Release|Any CPU
	EndGlobalSection
	GlobalSection(ProjectConfigurationPlatforms) = postSolution
		{6968E1DF-DE8C-49DC-8FC4-2E427B50858C}.Debug|Any CPU.ActiveCfg = Debug|Any CPU
		{6968E1DF-DE8C-49DC-8FC4-2E427B50858C}.Debug|Any CPU.Build.0 = Debug|Any CPU
		{6968E1DF-DE8C-49DC-8FC4-2E427B50858C}.Release|Any CPU.ActiveCfg = Release|Any CPU
		{6968E1DF-DE8C-49DC-8FC4-2E427B50858C}.Release|Any CPU.Build.0 = Release|Any CPU
		{48C25DCE-6A66-430D-AA6C-3C4F2CD7CB16}.Debug|Any CPU.ActiveCfg = Debug|Any CPU
		{48C25DCE-6A66-430D-AA6C-3C4F2CD7CB16}.Debug|Any CPU.Build.0 = Debug|Any CPU
		{48C25DCE-6A66-430D-AA6C-3C4F2CD7CB16}.Release|Any CPU.ActiveCfg = Release|Any CPU
		{48C25DCE-6A66-430D-AA6C-3C4F2CD7CB16}.Release|Any CPU.Build.0 = Release|Any CPU
	EndGlobalSection
	GlobalSection(SolutionProperties) = preSolution
		HideSolutionNode = FALSE
	EndGlobalSection
	GlobalSection(ExtensibilityGlobals) = postSolution
		SolutionGuid = {D0794600-098F-465D-AB31-F68071718313}
	EndGlobalSection
EndGlobal
